
Microsoft Visual Studio Solution File, Format Version 12.00
Project("{FAE04EC0-301F-11D3-BF4B-00C04F79EFBC}") = "TryBlazorCircuitHandler", "TryBlazorCircuitHandler.csproj", "{6C5A5E64-AC35-49A3-8AC6-C850EFE95780}"
EndProject
Global
	GlobalSection(SolutionConfigurationPlatforms) = preSolution
		Debug|Any CPU = Debug|Any CPU
		Release|Any CPU = Release|Any CPU
	EndGlobalSection
	GlobalSection(ProjectConfigurationPlatforms) = postSolution
		{6C5A5E64-AC35-49A3-8AC6-C850EFE95780}.Debug|Any CPU.ActiveCfg = Debug|Any CPU
		{6C5A5E64-AC35-49A3-8AC6-C850EFE95780}.Debug|Any CPU.Build.0 = Debug|Any CPU
		{6C5A5E64-AC35-49A3-8AC6-C850EFE95780}.Release|Any CPU.ActiveCfg = Release|Any CPU
		{6C5A5E64-AC35-49A3-8AC6-C850EFE95780}.Release|Any CPU.Build.0 = Release|Any CPU
	EndGlobalSection
EndGlobal
