
Microsoft Visual Studio Solution File, Format Version 12.00
# Visual Studio Version 17
VisualStudioVersion = 17.0.31903.59
MinimumVisualStudioVersion = 10.0.40219.1
Project("{FAE04EC0-301F-11D3-BF4B-00C04F79EFBC}") = "CorsApis", "CorsApis\CorsApis.csproj", "{FCF39235-A58E-450F-B28C-850DAFCD8D2B}"
EndProject
Project("{FAE04EC0-301F-11D3-BF4B-00C04F79EFBC}") = "CorsRazorPages", "CorsRazorPages\CorsRazorPages.csproj", "{CFE6362E-7B02-412B-9668-7590D1F8B8B4}"
EndProject
Global
	GlobalSection(SolutionConfigurationPlatforms) = preSolution
		Debug|Any CPU = Debug|Any CPU
		Release|Any CPU = Release|Any CPU
	EndGlobalSection
	GlobalSection(SolutionProperties) = preSolution
		HideSolutionNode = FALSE
	EndGlobalSection
	GlobalSection(ProjectConfigurationPlatforms) = postSolution
		{FCF39235-A58E-450F-B28C-850DAFCD8D2B}.Debug|Any CPU.ActiveCfg = Debug|Any CPU
		{FCF39235-A58E-450F-B28C-850DAFCD8D2B}.Debug|Any CPU.Build.0 = Debug|Any CPU
		{FCF39235-A58E-450F-B28C-850DAFCD8D2B}.Release|Any CPU.ActiveCfg = Release|Any CPU
		{FCF39235-A58E-450F-B28C-850DAFCD8D2B}.Release|Any CPU.Build.0 = Release|Any CPU
		{CFE6362E-7B02-412B-9668-7590D1F8B8B4}.Debug|Any CPU.ActiveCfg = Debug|Any CPU
		{CFE6362E-7B02-412B-9668-7590D1F8B8B4}.Debug|Any CPU.Build.0 = Debug|Any CPU
		{CFE6362E-7B02-412B-9668-7590D1F8B8B4}.Release|Any CPU.ActiveCfg = Release|Any CPU
		{CFE6362E-7B02-412B-9668-7590D1F8B8B4}.Release|Any CPU.Build.0 = Release|Any CPU
	EndGlobalSection
EndGlobal
