
Microsoft Visual Studio Solution File, Format Version 12.00
# Visual Studio Version 17
VisualStudioVersion = 17.0.31903.59
MinimumVisualStudioVersion = 10.0.40219.1
Project("{FAE04EC0-301F-11D3-BF4B-00C04F79EFBC}") = "Northwind.WebApi.Service", "Northwind.WebApi.Service\Northwind.WebApi.Service.csproj", "{BFACCE1A-6DAF-4203-BF45-EF8EC8BCBEBF}"
EndProject
Global
	GlobalSection(SolutionConfigurationPlatforms) = preSolution
		Debug|Any CPU = Debug|Any CPU
		Release|Any CPU = Release|Any CPU
	EndGlobalSection
	GlobalSection(SolutionProperties) = preSolution
		HideSolutionNode = FALSE
	EndGlobalSection
	GlobalSection(ProjectConfigurationPlatforms) = postSolution
		{BFACCE1A-6DAF-4203-BF45-EF8EC8BCBEBF}.Debug|Any CPU.ActiveCfg = Debug|Any CPU
		{BFACCE1A-6DAF-4203-BF45-EF8EC8BCBEBF}.Debug|Any CPU.Build.0 = Debug|Any CPU
		{BFACCE1A-6DAF-4203-BF45-EF8EC8BCBEBF}.Release|Any CPU.ActiveCfg = Release|Any CPU
		{BFACCE1A-6DAF-4203-BF45-EF8EC8BCBEBF}.Release|Any CPU.Build.0 = Release|Any CPU
	EndGlobalSection
EndGlobal
