
Microsoft Visual Studio Solution File, Format Version 12.00
# Visual Studio Version 17
VisualStudioVersion = 17.10.35027.167
MinimumVisualStudioVersion = 10.0.40219.1
Project("{FAE04EC0-301F-11D3-BF4B-00C04F79EFBC}") = "UnoMediaCollection", "UnoMediaCollection\UnoMediaCollection.csproj", "{C6803AB3-CD19-46E7-9514-9152F4529D86}"
EndProject
Project("{2150E333-8FDC-42A3-9474-1A3956D46DE8}") = "Solution Items", "Solution Items", "{C5114F68-6C91-454E-A80D-826E95E2AB4C}"
	ProjectSection(SolutionItems) = preProject
		.gitignore = .gitignore
		Directory.Build.props = Directory.Build.props
		Directory.Build.targets = Directory.Build.targets
		Directory.Packages.props = Directory.Packages.props
		global.json = global.json
	EndProjectSection
EndProject
Global
	GlobalSection(SolutionConfigurationPlatforms) = preSolution
		Debug|Any CPU = Debug|Any CPU
		Release|Any CPU = Release|Any CPU
	EndGlobalSection
	GlobalSection(ProjectConfigurationPlatforms) = postSolution
		{C6803AB3-CD19-46E7-9514-9152F4529D86}.Debug|Any CPU.ActiveCfg = Debug|Any CPU
		{C6803AB3-CD19-46E7-9514-9152F4529D86}.Debug|Any CPU.Build.0 = Debug|Any CPU
		{C6803AB3-CD19-46E7-9514-9152F4529D86}.Debug|Any CPU.Deploy.0 = Debug|Any CPU
		{C6803AB3-CD19-46E7-9514-9152F4529D86}.Release|Any CPU.ActiveCfg = Release|Any CPU
		{C6803AB3-CD19-46E7-9514-9152F4529D86}.Release|Any CPU.Build.0 = Release|Any CPU
		{C6803AB3-CD19-46E7-9514-9152F4529D86}.Release|Any CPU.Deploy.0 = Release|Any CPU
	EndGlobalSection
	GlobalSection(SolutionProperties) = preSolution
		HideSolutionNode = FALSE
	EndGlobalSection
	GlobalSection(ExtensibilityGlobals) = postSolution
		SolutionGuid = {F425F1F3-F373-48C1-86F7-57E8AB7336FA}
	EndGlobalSection
EndGlobal
