
Microsoft Visual Studio Solution File, Format Version 12.00
# Visual Studio Version 17
VisualStudioVersion = 17.0.31903.59
MinimumVisualStudioVersion = 10.0.40219.1
Project("{FAE04EC0-301F-11D3-BF4B-00C04F79EFBC}") = "Northwind.Maui.WebApi.Service", "Northwind.Maui.WebApi.Service\Northwind.Maui.WebApi.Service.csproj", "{BBB9B797-BA1F-4849-9922-B8D426AAD226}"
EndProject
Global
	GlobalSection(SolutionConfigurationPlatforms) = preSolution
		Debug|Any CPU = Debug|Any CPU
		Release|Any CPU = Release|Any CPU
	EndGlobalSection
	GlobalSection(SolutionProperties) = preSolution
		HideSolutionNode = FALSE
	EndGlobalSection
	GlobalSection(ProjectConfigurationPlatforms) = postSolution
		{BBB9B797-BA1F-4849-9922-B8D426AAD226}.Debug|Any CPU.ActiveCfg = Debug|Any CPU
		{BBB9B797-BA1F-4849-9922-B8D426AAD226}.Debug|Any CPU.Build.0 = Debug|Any CPU
		{BBB9B797-BA1F-4849-9922-B8D426AAD226}.Release|Any CPU.ActiveCfg = Release|Any CPU
		{BBB9B797-BA1F-4849-9922-B8D426AAD226}.Release|Any CPU.Build.0 = Release|Any CPU
	EndGlobalSection
EndGlobal
