
Microsoft Visual Studio Solution File, Format Version 12.00
# Visual Studio Version 17
VisualStudioVersion = 17.9.34616.47
MinimumVisualStudioVersion = 10.0.40219.1
Project("{9A19103F-16F7-4668-BE54-9A1E7A4F7556}") = "BlazorServer", "BlazorServer\BlazorServer.csproj", "{FA8F8BAB-76AB-491E-A39D-ED3A38776F98}"
EndProject
Project("{9A19103F-16F7-4668-BE54-9A1E7A4F7556}") = "BlazorWebAssembly.Server", "BlazorWebAssembly\Server\BlazorWebAssembly.Server.csproj", "{B7FECCFD-585D-49F8-AD3B-634138E02C47}"
EndProject
Project("{9A19103F-16F7-4668-BE54-9A1E7A4F7556}") = "BlazorWebAssembly.Client", "BlazorWebAssembly\Client\BlazorWebAssembly.Client.csproj", "{21F031C9-55CB-4696-9D3C-F2792F35BC70}"
EndProject
Project("{9A19103F-16F7-4668-BE54-9A1E7A4F7556}") = "BlazorWebAssembly.Shared", "BlazorWebAssembly\Shared\BlazorWebAssembly.Shared.csproj", "{3562FA5E-80B9-44B1-97D0-F6DA7ADADB1F}"
EndProject
Project("{9A19103F-16F7-4668-BE54-9A1E7A4F7556}") = "Data", "Data\Data.csproj", "{30DB0669-5529-4640-B9AB-4074F58F187A}"
EndProject
Project("{9A19103F-16F7-4668-BE54-9A1E7A4F7556}") = "Data.Models", "Data.Models\Data.Models.csproj", "{75225EB1-BB82-441F-AB3A-73C92084E9F8}"
EndProject
Project("{9A19103F-16F7-4668-BE54-9A1E7A4F7556}") = "Components", "Components\Components.csproj", "{40D04F32-735F-4AC3-9D41-FC108F007F2B}"
EndProject
Global
	GlobalSection(SolutionConfigurationPlatforms) = preSolution
		Debug|Any CPU = Debug|Any CPU
		Release|Any CPU = Release|Any CPU
	EndGlobalSection
	GlobalSection(ProjectConfigurationPlatforms) = postSolution
		{FA8F8BAB-76AB-491E-A39D-ED3A38776F98}.Debug|Any CPU.ActiveCfg = Debug|Any CPU
		{FA8F8BAB-76AB-491E-A39D-ED3A38776F98}.Debug|Any CPU.Build.0 = Debug|Any CPU
		{FA8F8BAB-76AB-491E-A39D-ED3A38776F98}.Release|Any CPU.ActiveCfg = Release|Any CPU
		{FA8F8BAB-76AB-491E-A39D-ED3A38776F98}.Release|Any CPU.Build.0 = Release|Any CPU
		{B7FECCFD-585D-49F8-AD3B-634138E02C47}.Debug|Any CPU.ActiveCfg = Debug|Any CPU
		{B7FECCFD-585D-49F8-AD3B-634138E02C47}.Debug|Any CPU.Build.0 = Debug|Any CPU
		{B7FECCFD-585D-49F8-AD3B-634138E02C47}.Release|Any CPU.ActiveCfg = Release|Any CPU
		{B7FECCFD-585D-49F8-AD3B-634138E02C47}.Release|Any CPU.Build.0 = Release|Any CPU
		{21F031C9-55CB-4696-9D3C-F2792F35BC70}.Debug|Any CPU.ActiveCfg = Debug|Any CPU
		{21F031C9-55CB-4696-9D3C-F2792F35BC70}.Debug|Any CPU.Build.0 = Debug|Any CPU
		{21F031C9-55CB-4696-9D3C-F2792F35BC70}.Release|Any CPU.ActiveCfg = Release|Any CPU
		{21F031C9-55CB-4696-9D3C-F2792F35BC70}.Release|Any CPU.Build.0 = Release|Any CPU
		{3562FA5E-80B9-44B1-97D0-F6DA7ADADB1F}.Debug|Any CPU.ActiveCfg = Debug|Any CPU
		{3562FA5E-80B9-44B1-97D0-F6DA7ADADB1F}.Debug|Any CPU.Build.0 = Debug|Any CPU
		{3562FA5E-80B9-44B1-97D0-F6DA7ADADB1F}.Release|Any CPU.ActiveCfg = Release|Any CPU
		{3562FA5E-80B9-44B1-97D0-F6DA7ADADB1F}.Release|Any CPU.Build.0 = Release|Any CPU
		{30DB0669-5529-4640-B9AB-4074F58F187A}.Debug|Any CPU.ActiveCfg = Debug|Any CPU
		{30DB0669-5529-4640-B9AB-4074F58F187A}.Debug|Any CPU.Build.0 = Debug|Any CPU
		{30DB0669-5529-4640-B9AB-4074F58F187A}.Release|Any CPU.ActiveCfg = Release|Any CPU
		{30DB0669-5529-4640-B9AB-4074F58F187A}.Release|Any CPU.Build.0 = Release|Any CPU
		{75225EB1-BB82-441F-AB3A-73C92084E9F8}.Debug|Any CPU.ActiveCfg = Debug|Any CPU
		{75225EB1-BB82-441F-AB3A-73C92084E9F8}.Debug|Any CPU.Build.0 = Debug|Any CPU
		{75225EB1-BB82-441F-AB3A-73C92084E9F8}.Release|Any CPU.ActiveCfg = Release|Any CPU
		{75225EB1-BB82-441F-AB3A-73C92084E9F8}.Release|Any CPU.Build.0 = Release|Any CPU
		{40D04F32-735F-4AC3-9D41-FC108F007F2B}.Debug|Any CPU.ActiveCfg = Debug|Any CPU
		{40D04F32-735F-4AC3-9D41-FC108F007F2B}.Debug|Any CPU.Build.0 = Debug|Any CPU
		{40D04F32-735F-4AC3-9D41-FC108F007F2B}.Release|Any CPU.ActiveCfg = Release|Any CPU
		{40D04F32-735F-4AC3-9D41-FC108F007F2B}.Release|Any CPU.Build.0 = Release|Any CPU
	EndGlobalSection
	GlobalSection(SolutionProperties) = preSolution
		HideSolutionNode = FALSE
	EndGlobalSection
	GlobalSection(ExtensibilityGlobals) = postSolution
		SolutionGuid = {2F4D7086-6551-45DA-A302-A49CC58636B4}
	EndGlobalSection
EndGlobal
